
Microsoft Visual Studio Solution File, Format Version 12.00
# Visual Studio Version 16
VisualStudioVersion = 16.0.31911.196
MinimumVisualStudioVersion = 10.0.40219.1
Project("{FAE04EC0-301F-11D3-BF4B-00C04F79EFBC}") = "HotelNotTrivago", "HotelNotTrivago\HotelNotTrivago.csproj", "{DDFB66BD-5C13-42AC-9D5D-AC59EF82C9B4}"
EndProject
Global
	GlobalSection(SolutionConfigurationPlatforms) = preSolution
		Debug|Any CPU = Debug|Any CPU
		Release|Any CPU = Release|Any CPU
	EndGlobalSection
	GlobalSection(ProjectConfigurationPlatforms) = postSolution
		{DDFB66BD-5C13-42AC-9D5D-AC59EF82C9B4}.Debug|Any CPU.ActiveCfg = Debug|Any CPU
		{DDFB66BD-5C13-42AC-9D5D-AC59EF82C9B4}.Debug|Any CPU.Build.0 = Debug|Any CPU
		{DDFB66BD-5C13-42AC-9D5D-AC59EF82C9B4}.Release|Any CPU.ActiveCfg = Release|Any CPU
		{DDFB66BD-5C13-42AC-9D5D-AC59EF82C9B4}.Release|Any CPU.Build.0 = Release|Any CPU
	EndGlobalSection
	GlobalSection(SolutionProperties) = preSolution
		HideSolutionNode = FALSE
	EndGlobalSection
	GlobalSection(ExtensibilityGlobals) = postSolution
		SolutionGuid = {54AA4540-D315-4527-BD85-9EC6DE586F8B}
	EndGlobalSection
EndGlobal
