
Microsoft Visual Studio Solution File, Format Version 12.00
# Visual Studio Version 16
VisualStudioVersion = 16.0.31702.278
MinimumVisualStudioVersion = 10.0.40219.1
Project("{FAE04EC0-301F-11D3-BF4B-00C04F79EFBC}") = "13Kertaa", "13Kertaa\13Kertaa.csproj", "{ABC315FE-5885-4A85-B09D-8E30A8C11D77}"
EndProject
Global
	GlobalSection(SolutionConfigurationPlatforms) = preSolution
		Debug|Any CPU = Debug|Any CPU
		Release|Any CPU = Release|Any CPU
	EndGlobalSection
	GlobalSection(ProjectConfigurationPlatforms) = postSolution
		{ABC315FE-5885-4A85-B09D-8E30A8C11D77}.Debug|Any CPU.ActiveCfg = Debug|Any CPU
		{ABC315FE-5885-4A85-B09D-8E30A8C11D77}.Debug|Any CPU.Build.0 = Debug|Any CPU
		{ABC315FE-5885-4A85-B09D-8E30A8C11D77}.Release|Any CPU.ActiveCfg = Release|Any CPU
		{ABC315FE-5885-4A85-B09D-8E30A8C11D77}.Release|Any CPU.Build.0 = Release|Any CPU
	EndGlobalSection
	GlobalSection(SolutionProperties) = preSolution
		HideSolutionNode = FALSE
	EndGlobalSection
	GlobalSection(ExtensibilityGlobals) = postSolution
		SolutionGuid = {33F6F745-5513-4997-89E7-F2072AB1E8AC}
	EndGlobalSection
EndGlobal
